
Microsoft Visual Studio Solution File, Format Version 12.00
# Visual Studio 15
Project("{FAE04EC0-301F-11D3-BF4B-00C04F79EFBC}") = "Hearthstone", "Hearthstone\Hearthstone.csproj", "{0CA034EB-E062-4EC6-8C2E-4A435E27DE70}"
EndProject
Project("{FAE04EC0-301F-11D3-BF4B-00C04F79EFBC}") = "Hearthstone.Data", "Hearthstone.Data\Hearthstone.Data.csproj", "{293F9A52-B491-4557-BC1C-8CF9312EC41B}"
EndProject
Project("{FAE04EC0-301F-11D3-BF4B-00C04F79EFBC}") = "Hearthstone.Core", "Hearthstone.Core\Hearthstone.Core.csproj", "{004C445C-B107-4220-ADB4-4C6A6694E534}"
EndProject
Global
	GlobalSection(SolutionConfigurationPlatforms) = preSolution
		Debug|Any CPU = Debug|Any CPU
		Release|Any CPU = Release|Any CPU
	EndGlobalSection
	GlobalSection(ProjectConfigurationPlatforms) = postSolution
		{0CA034EB-E062-4EC6-8C2E-4A435E27DE70}.Debug|Any CPU.ActiveCfg = Debug|Any CPU
		{0CA034EB-E062-4EC6-8C2E-4A435E27DE70}.Debug|Any CPU.Build.0 = Debug|Any CPU
		{0CA034EB-E062-4EC6-8C2E-4A435E27DE70}.Release|Any CPU.ActiveCfg = Release|Any CPU
		{0CA034EB-E062-4EC6-8C2E-4A435E27DE70}.Release|Any CPU.Build.0 = Release|Any CPU
		{293F9A52-B491-4557-BC1C-8CF9312EC41B}.Debug|Any CPU.ActiveCfg = Debug|Any CPU
		{293F9A52-B491-4557-BC1C-8CF9312EC41B}.Debug|Any CPU.Build.0 = Debug|Any CPU
		{293F9A52-B491-4557-BC1C-8CF9312EC41B}.Release|Any CPU.ActiveCfg = Release|Any CPU
		{293F9A52-B491-4557-BC1C-8CF9312EC41B}.Release|Any CPU.Build.0 = Release|Any CPU
		{004C445C-B107-4220-ADB4-4C6A6694E534}.Debug|Any CPU.ActiveCfg = Debug|Any CPU
		{004C445C-B107-4220-ADB4-4C6A6694E534}.Debug|Any CPU.Build.0 = Debug|Any CPU
		{004C445C-B107-4220-ADB4-4C6A6694E534}.Release|Any CPU.ActiveCfg = Release|Any CPU
		{004C445C-B107-4220-ADB4-4C6A6694E534}.Release|Any CPU.Build.0 = Release|Any CPU
	EndGlobalSection
EndGlobal
